
Microsoft Visual Studio Solution File, Format Version 12.00
# Visual Studio 15
VisualStudioVersion = 15.0.26228.12
MinimumVisualStudioVersion = 10.0.40219.1
Project("{FAE04EC0-301F-11D3-BF4B-00C04F79EFBC}") = "IESRevenue.Android", "IESRevenue\IESRevenue.Android\IESRevenue.Android.csproj", "{344064D3-FE04-4259-8AE0-5D7D8684BD1E}"
EndProject
Project("{FAE04EC0-301F-11D3-BF4B-00C04F79EFBC}") = "IESRevenue", "IESRevenue\IESRevenue\IESRevenue.csproj", "{9FED1019-8EE7-4369-8052-31E0F96A3B10}"
EndProject
Project("{FAE04EC0-301F-11D3-BF4B-00C04F79EFBC}") = "IESRevenue.UWP", "IESRevenue\IESRevenue.UWP\IESRevenue.UWP.csproj", "{2E7C1AB3-3FEE-4888-A059-F270875358CF}"
EndProject
Project("{FAE04EC0-301F-11D3-BF4B-00C04F79EFBC}") = "IESRevenue.iOS", "IESRevenue\IESRevenue.iOS\IESRevenue.iOS.csproj", "{F9937AAC-12A5-43E3-9CD1-25B8246516DC}"
EndProject
Global
	GlobalSection(SolutionConfigurationPlatforms) = preSolution
		Ad-Hoc|Any CPU = Ad-Hoc|Any CPU
		Ad-Hoc|ARM = Ad-Hoc|ARM
		Ad-Hoc|iPhone = Ad-Hoc|iPhone
		Ad-Hoc|iPhoneSimulator = Ad-Hoc|iPhoneSimulator
		Ad-Hoc|x64 = Ad-Hoc|x64
		Ad-Hoc|x86 = Ad-Hoc|x86
		AppStore|Any CPU = AppStore|Any CPU
		AppStore|ARM = AppStore|ARM
		AppStore|iPhone = AppStore|iPhone
		AppStore|iPhoneSimulator = AppStore|iPhoneSimulator
		AppStore|x64 = AppStore|x64
		AppStore|x86 = AppStore|x86
		Debug|Any CPU = Debug|Any CPU
		Debug|ARM = Debug|ARM
		Debug|iPhone = Debug|iPhone
		Debug|iPhoneSimulator = Debug|iPhoneSimulator
		Debug|x64 = Debug|x64
		Debug|x86 = Debug|x86
		Release|Any CPU = Release|Any CPU
		Release|ARM = Release|ARM
		Release|iPhone = Release|iPhone
		Release|iPhoneSimulator = Release|iPhoneSimulator
		Release|x64 = Release|x64
		Release|x86 = Release|x86
	EndGlobalSection
	GlobalSection(ProjectConfigurationPlatforms) = postSolution
		{344064D3-FE04-4259-8AE0-5D7D8684BD1E}.Ad-Hoc|Any CPU.ActiveCfg = Release|Any CPU
		{344064D3-FE04-4259-8AE0-5D7D8684BD1E}.Ad-Hoc|Any CPU.Build.0 = Release|Any CPU
		{344064D3-FE04-4259-8AE0-5D7D8684BD1E}.Ad-Hoc|Any CPU.Deploy.0 = Release|Any CPU
		{344064D3-FE04-4259-8AE0-5D7D8684BD1E}.Ad-Hoc|ARM.ActiveCfg = Release|Any CPU
		{344064D3-FE04-4259-8AE0-5D7D8684BD1E}.Ad-Hoc|ARM.Build.0 = Release|Any CPU
		{344064D3-FE04-4259-8AE0-5D7D8684BD1E}.Ad-Hoc|ARM.Deploy.0 = Release|Any CPU
		{344064D3-FE04-4259-8AE0-5D7D8684BD1E}.Ad-Hoc|iPhone.ActiveCfg = Release|Any CPU
		{344064D3-FE04-4259-8AE0-5D7D8684BD1E}.Ad-Hoc|iPhone.Build.0 = Release|Any CPU
		{344064D3-FE04-4259-8AE0-5D7D8684BD1E}.Ad-Hoc|iPhone.Deploy.0 = Release|Any CPU
		{344064D3-FE04-4259-8AE0-5D7D8684BD1E}.Ad-Hoc|iPhoneSimulator.ActiveCfg = Release|Any CPU
		{344064D3-FE04-4259-8AE0-5D7D8684BD1E}.Ad-Hoc|iPhoneSimulator.Build.0 = Release|Any CPU
		{344064D3-FE04-4259-8AE0-5D7D8684BD1E}.Ad-Hoc|iPhoneSimulator.Deploy.0 = Release|Any CPU
		{344064D3-FE04-4259-8AE0-5D7D8684BD1E}.Ad-Hoc|x64.ActiveCfg = Release|Any CPU
		{344064D3-FE04-4259-8AE0-5D7D8684BD1E}.Ad-Hoc|x64.Build.0 = Release|Any CPU
		{344064D3-FE04-4259-8AE0-5D7D8684BD1E}.Ad-Hoc|x64.Deploy.0 = Release|Any CPU
		{344064D3-FE04-4259-8AE0-5D7D8684BD1E}.Ad-Hoc|x86.ActiveCfg = Release|Any CPU
		{344064D3-FE04-4259-8AE0-5D7D8684BD1E}.Ad-Hoc|x86.Build.0 = Release|Any CPU
		{344064D3-FE04-4259-8AE0-5D7D8684BD1E}.Ad-Hoc|x86.Deploy.0 = Release|Any CPU
		{344064D3-FE04-4259-8AE0-5D7D8684BD1E}.AppStore|Any CPU.ActiveCfg = Release|Any CPU
		{344064D3-FE04-4259-8AE0-5D7D8684BD1E}.AppStore|Any CPU.Build.0 = Release|Any CPU
		{344064D3-FE04-4259-8AE0-5D7D8684BD1E}.AppStore|Any CPU.Deploy.0 = Release|Any CPU
		{344064D3-FE04-4259-8AE0-5D7D8684BD1E}.AppStore|ARM.ActiveCfg = Release|Any CPU
		{344064D3-FE04-4259-8AE0-5D7D8684BD1E}.AppStore|ARM.Build.0 = Release|Any CPU
		{344064D3-FE04-4259-8AE0-5D7D8684BD1E}.AppStore|ARM.Deploy.0 = Release|Any CPU
		{344064D3-FE04-4259-8AE0-5D7D8684BD1E}.AppStore|iPhone.ActiveCfg = Release|Any CPU
		{344064D3-FE04-4259-8AE0-5D7D8684BD1E}.AppStore|iPhone.Build.0 = Release|Any CPU
		{344064D3-FE04-4259-8AE0-5D7D8684BD1E}.AppStore|iPhone.Deploy.0 = Release|Any CPU
		{344064D3-FE04-4259-8AE0-5D7D8684BD1E}.AppStore|iPhoneSimulator.ActiveCfg = Release|Any CPU
		{344064D3-FE04-4259-8AE0-5D7D8684BD1E}.AppStore|iPhoneSimulator.Build.0 = Release|Any CPU
		{344064D3-FE04-4259-8AE0-5D7D8684BD1E}.AppStore|iPhoneSimulator.Deploy.0 = Release|Any CPU
		{344064D3-FE04-4259-8AE0-5D7D8684BD1E}.AppStore|x64.ActiveCfg = Release|Any CPU
		{344064D3-FE04-4259-8AE0-5D7D8684BD1E}.AppStore|x64.Build.0 = Release|Any CPU
		{344064D3-FE04-4259-8AE0-5D7D8684BD1E}.AppStore|x64.Deploy.0 = Release|Any CPU
		{344064D3-FE04-4259-8AE0-5D7D8684BD1E}.AppStore|x86.ActiveCfg = Release|Any CPU
		{344064D3-FE04-4259-8AE0-5D7D8684BD1E}.AppStore|x86.Build.0 = Release|Any CPU
		{344064D3-FE04-4259-8AE0-5D7D8684BD1E}.AppStore|x86.Deploy.0 = Release|Any CPU
		{344064D3-FE04-4259-8AE0-5D7D8684BD1E}.Debug|Any CPU.ActiveCfg = Debug|Any CPU
		{344064D3-FE04-4259-8AE0-5D7D8684BD1E}.Debug|Any CPU.Build.0 = Debug|Any CPU
		{344064D3-FE04-4259-8AE0-5D7D8684BD1E}.Debug|Any CPU.Deploy.0 = Debug|Any CPU
		{344064D3-FE04-4259-8AE0-5D7D8684BD1E}.Debug|ARM.ActiveCfg = Debug|Any CPU
		{344064D3-FE04-4259-8AE0-5D7D8684BD1E}.Debug|ARM.Build.0 = Debug|Any CPU
		{344064D3-FE04-4259-8AE0-5D7D8684BD1E}.Debug|ARM.Deploy.0 = Debug|Any CPU
		{344064D3-FE04-4259-8AE0-5D7D8684BD1E}.Debug|iPhone.ActiveCfg = Debug|Any CPU
		{344064D3-FE04-4259-8AE0-5D7D8684BD1E}.Debug|iPhone.Build.0 = Debug|Any CPU
		{344064D3-FE04-4259-8AE0-5D7D8684BD1E}.Debug|iPhone.Deploy.0 = Debug|Any CPU
		{344064D3-FE04-4259-8AE0-5D7D8684BD1E}.Debug|iPhoneSimulator.ActiveCfg = Debug|Any CPU
		{344064D3-FE04-4259-8AE0-5D7D8684BD1E}.Debug|iPhoneSimulator.Build.0 = Debug|Any CPU
		{344064D3-FE04-4259-8AE0-5D7D8684BD1E}.Debug|iPhoneSimulator.Deploy.0 = Debug|Any CPU
		{344064D3-FE04-4259-8AE0-5D7D8684BD1E}.Debug|x64.ActiveCfg = Debug|Any CPU
		{344064D3-FE04-4259-8AE0-5D7D8684BD1E}.Debug|x64.Build.0 = Debug|Any CPU
		{344064D3-FE04-4259-8AE0-5D7D8684BD1E}.Debug|x64.Deploy.0 = Debug|Any CPU
		{344064D3-FE04-4259-8AE0-5D7D8684BD1E}.Debug|x86.ActiveCfg = Debug|Any CPU
		{344064D3-FE04-4259-8AE0-5D7D8684BD1E}.Debug|x86.Build.0 = Debug|Any CPU
		{344064D3-FE04-4259-8AE0-5D7D8684BD1E}.Debug|x86.Deploy.0 = Debug|Any CPU
		{344064D3-FE04-4259-8AE0-5D7D8684BD1E}.Release|Any CPU.ActiveCfg = Release|Any CPU
		{344064D3-FE04-4259-8AE0-5D7D8684BD1E}.Release|Any CPU.Build.0 = Release|Any CPU
		{344064D3-FE04-4259-8AE0-5D7D8684BD1E}.Release|Any CPU.Deploy.0 = Release|Any CPU
		{344064D3-FE04-4259-8AE0-5D7D8684BD1E}.Release|ARM.ActiveCfg = Release|Any CPU
		{344064D3-FE04-4259-8AE0-5D7D8684BD1E}.Release|ARM.Build.0 = Release|Any CPU
		{344064D3-FE04-4259-8AE0-5D7D8684BD1E}.Release|ARM.Deploy.0 = Release|Any CPU
		{344064D3-FE04-4259-8AE0-5D7D8684BD1E}.Release|iPhone.ActiveCfg = Release|Any CPU
		{344064D3-FE04-4259-8AE0-5D7D8684BD1E}.Release|iPhone.Build.0 = Release|Any CPU
		{344064D3-FE04-4259-8AE0-5D7D8684BD1E}.Release|iPhone.Deploy.0 = Release|Any CPU
		{344064D3-FE04-4259-8AE0-5D7D8684BD1E}.Release|iPhoneSimulator.ActiveCfg = Release|Any CPU
		{344064D3-FE04-4259-8AE0-5D7D8684BD1E}.Release|iPhoneSimulator.Build.0 = Release|Any CPU
		{344064D3-FE04-4259-8AE0-5D7D8684BD1E}.Release|iPhoneSimulator.Deploy.0 = Release|Any CPU
		{344064D3-FE04-4259-8AE0-5D7D8684BD1E}.Release|x64.ActiveCfg = Release|Any CPU
		{344064D3-FE04-4259-8AE0-5D7D8684BD1E}.Release|x64.Build.0 = Release|Any CPU
		{344064D3-FE04-4259-8AE0-5D7D8684BD1E}.Release|x64.Deploy.0 = Release|Any CPU
		{344064D3-FE04-4259-8AE0-5D7D8684BD1E}.Release|x86.ActiveCfg = Release|Any CPU
		{344064D3-FE04-4259-8AE0-5D7D8684BD1E}.Release|x86.Build.0 = Release|Any CPU
		{344064D3-FE04-4259-8AE0-5D7D8684BD1E}.Release|x86.Deploy.0 = Release|Any CPU
		{9FED1019-8EE7-4369-8052-31E0F96A3B10}.Ad-Hoc|Any CPU.ActiveCfg = Release|Any CPU
		{9FED1019-8EE7-4369-8052-31E0F96A3B10}.Ad-Hoc|Any CPU.Build.0 = Release|Any CPU
		{9FED1019-8EE7-4369-8052-31E0F96A3B10}.Ad-Hoc|ARM.ActiveCfg = Release|Any CPU
		{9FED1019-8EE7-4369-8052-31E0F96A3B10}.Ad-Hoc|ARM.Build.0 = Release|Any CPU
		{9FED1019-8EE7-4369-8052-31E0F96A3B10}.Ad-Hoc|iPhone.ActiveCfg = Release|Any CPU
		{9FED1019-8EE7-4369-8052-31E0F96A3B10}.Ad-Hoc|iPhone.Build.0 = Release|Any CPU
		{9FED1019-8EE7-4369-8052-31E0F96A3B10}.Ad-Hoc|iPhoneSimulator.ActiveCfg = Release|Any CPU
		{9FED1019-8EE7-4369-8052-31E0F96A3B10}.Ad-Hoc|iPhoneSimulator.Build.0 = Release|Any CPU
		{9FED1019-8EE7-4369-8052-31E0F96A3B10}.Ad-Hoc|x64.ActiveCfg = Release|Any CPU
		{9FED1019-8EE7-4369-8052-31E0F96A3B10}.Ad-Hoc|x64.Build.0 = Release|Any CPU
		{9FED1019-8EE7-4369-8052-31E0F96A3B10}.Ad-Hoc|x86.ActiveCfg = Release|Any CPU
		{9FED1019-8EE7-4369-8052-31E0F96A3B10}.Ad-Hoc|x86.Build.0 = Release|Any CPU
		{9FED1019-8EE7-4369-8052-31E0F96A3B10}.AppStore|Any CPU.ActiveCfg = Release|Any CPU
		{9FED1019-8EE7-4369-8052-31E0F96A3B10}.AppStore|Any CPU.Build.0 = Release|Any CPU
		{9FED1019-8EE7-4369-8052-31E0F96A3B10}.AppStore|ARM.ActiveCfg = Release|Any CPU
		{9FED1019-8EE7-4369-8052-31E0F96A3B10}.AppStore|ARM.Build.0 = Release|Any CPU
		{9FED1019-8EE7-4369-8052-31E0F96A3B10}.AppStore|iPhone.ActiveCfg = Release|Any CPU
		{9FED1019-8EE7-4369-8052-31E0F96A3B10}.AppStore|iPhone.Build.0 = Release|Any CPU
		{9FED1019-8EE7-4369-8052-31E0F96A3B10}.AppStore|iPhoneSimulator.ActiveCfg = Release|Any CPU
		{9FED1019-8EE7-4369-8052-31E0F96A3B10}.AppStore|iPhoneSimulator.Build.0 = Release|Any CPU
		{9FED1019-8EE7-4369-8052-31E0F96A3B10}.AppStore|x64.ActiveCfg = Release|Any CPU
		{9FED1019-8EE7-4369-8052-31E0F96A3B10}.AppStore|x64.Build.0 = Release|Any CPU
		{9FED1019-8EE7-4369-8052-31E0F96A3B10}.AppStore|x86.ActiveCfg = Release|Any CPU
		{9FED1019-8EE7-4369-8052-31E0F96A3B10}.AppStore|x86.Build.0 = Release|Any CPU
		{9FED1019-8EE7-4369-8052-31E0F96A3B10}.Debug|Any CPU.ActiveCfg = Debug|Any CPU
		{9FED1019-8EE7-4369-8052-31E0F96A3B10}.Debug|Any CPU.Build.0 = Debug|Any CPU
		{9FED1019-8EE7-4369-8052-31E0F96A3B10}.Debug|ARM.ActiveCfg = Debug|Any CPU
		{9FED1019-8EE7-4369-8052-31E0F96A3B10}.Debug|ARM.Build.0 = Debug|Any CPU
		{9FED1019-8EE7-4369-8052-31E0F96A3B10}.Debug|iPhone.ActiveCfg = Debug|Any CPU
		{9FED1019-8EE7-4369-8052-31E0F96A3B10}.Debug|iPhone.Build.0 = Debug|Any CPU
		{9FED1019-8EE7-4369-8052-31E0F96A3B10}.Debug|iPhoneSimulator.ActiveCfg = Debug|Any CPU
		{9FED1019-8EE7-4369-8052-31E0F96A3B10}.Debug|iPhoneSimulator.Build.0 = Debug|Any CPU
		{9FED1019-8EE7-4369-8052-31E0F96A3B10}.Debug|x64.ActiveCfg = Debug|Any CPU
		{9FED1019-8EE7-4369-8052-31E0F96A3B10}.Debug|x64.Build.0 = Debug|Any CPU
		{9FED1019-8EE7-4369-8052-31E0F96A3B10}.Debug|x86.ActiveCfg = Debug|Any CPU
		{9FED1019-8EE7-4369-8052-31E0F96A3B10}.Debug|x86.Build.0 = Debug|Any CPU
		{9FED1019-8EE7-4369-8052-31E0F96A3B10}.Release|Any CPU.ActiveCfg = Release|Any CPU
		{9FED1019-8EE7-4369-8052-31E0F96A3B10}.Release|Any CPU.Build.0 = Release|Any CPU
		{9FED1019-8EE7-4369-8052-31E0F96A3B10}.Release|ARM.ActiveCfg = Release|Any CPU
		{9FED1019-8EE7-4369-8052-31E0F96A3B10}.Release|ARM.Build.0 = Release|Any CPU
		{9FED1019-8EE7-4369-8052-31E0F96A3B10}.Release|iPhone.ActiveCfg = Release|Any CPU
		{9FED1019-8EE7-4369-8052-31E0F96A3B10}.Release|iPhone.Build.0 = Release|Any CPU
		{9FED1019-8EE7-4369-8052-31E0F96A3B10}.Release|iPhoneSimulator.ActiveCfg = Release|Any CPU
		{9FED1019-8EE7-4369-8052-31E0F96A3B10}.Release|iPhoneSimulator.Build.0 = Release|Any CPU
		{9FED1019-8EE7-4369-8052-31E0F96A3B10}.Release|x64.ActiveCfg = Release|Any CPU
		{9FED1019-8EE7-4369-8052-31E0F96A3B10}.Release|x64.Build.0 = Release|Any CPU
		{9FED1019-8EE7-4369-8052-31E0F96A3B10}.Release|x86.ActiveCfg = Release|Any CPU
		{9FED1019-8EE7-4369-8052-31E0F96A3B10}.Release|x86.Build.0 = Release|Any CPU
		{2E7C1AB3-3FEE-4888-A059-F270875358CF}.Ad-Hoc|Any CPU.ActiveCfg = Release|x86
		{2E7C1AB3-3FEE-4888-A059-F270875358CF}.Ad-Hoc|Any CPU.Build.0 = Release|x86
		{2E7C1AB3-3FEE-4888-A059-F270875358CF}.Ad-Hoc|Any CPU.Deploy.0 = Release|x86
		{2E7C1AB3-3FEE-4888-A059-F270875358CF}.Ad-Hoc|ARM.ActiveCfg = Release|ARM
		{2E7C1AB3-3FEE-4888-A059-F270875358CF}.Ad-Hoc|ARM.Build.0 = Release|ARM
		{2E7C1AB3-3FEE-4888-A059-F270875358CF}.Ad-Hoc|ARM.Deploy.0 = Release|ARM
		{2E7C1AB3-3FEE-4888-A059-F270875358CF}.Ad-Hoc|iPhone.ActiveCfg = Release|x86
		{2E7C1AB3-3FEE-4888-A059-F270875358CF}.Ad-Hoc|iPhone.Build.0 = Release|x86
		{2E7C1AB3-3FEE-4888-A059-F270875358CF}.Ad-Hoc|iPhone.Deploy.0 = Release|x86
		{2E7C1AB3-3FEE-4888-A059-F270875358CF}.Ad-Hoc|iPhoneSimulator.ActiveCfg = Release|x86
		{2E7C1AB3-3FEE-4888-A059-F270875358CF}.Ad-Hoc|iPhoneSimulator.Build.0 = Release|x86
		{2E7C1AB3-3FEE-4888-A059-F270875358CF}.Ad-Hoc|iPhoneSimulator.Deploy.0 = Release|x86
		{2E7C1AB3-3FEE-4888-A059-F270875358CF}.Ad-Hoc|x64.ActiveCfg = Release|x64
		{2E7C1AB3-3FEE-4888-A059-F270875358CF}.Ad-Hoc|x64.Build.0 = Release|x64
		{2E7C1AB3-3FEE-4888-A059-F270875358CF}.Ad-Hoc|x64.Deploy.0 = Release|x64
		{2E7C1AB3-3FEE-4888-A059-F270875358CF}.Ad-Hoc|x86.ActiveCfg = Release|x86
		{2E7C1AB3-3FEE-4888-A059-F270875358CF}.Ad-Hoc|x86.Build.0 = Release|x86
		{2E7C1AB3-3FEE-4888-A059-F270875358CF}.Ad-Hoc|x86.Deploy.0 = Release|x86
		{2E7C1AB3-3FEE-4888-A059-F270875358CF}.AppStore|Any CPU.ActiveCfg = Release|x86
		{2E7C1AB3-3FEE-4888-A059-F270875358CF}.AppStore|Any CPU.Build.0 = Release|x86
		{2E7C1AB3-3FEE-4888-A059-F270875358CF}.AppStore|Any CPU.Deploy.0 = Release|x86
		{2E7C1AB3-3FEE-4888-A059-F270875358CF}.AppStore|ARM.ActiveCfg = Release|ARM
		{2E7C1AB3-3FEE-4888-A059-F270875358CF}.AppStore|ARM.Build.0 = Release|ARM
		{2E7C1AB3-3FEE-4888-A059-F270875358CF}.AppStore|ARM.Deploy.0 = Release|ARM
		{2E7C1AB3-3FEE-4888-A059-F270875358CF}.AppStore|iPhone.ActiveCfg = Release|x86
		{2E7C1AB3-3FEE-4888-A059-F270875358CF}.AppStore|iPhone.Build.0 = Release|x86
		{2E7C1AB3-3FEE-4888-A059-F270875358CF}.AppStore|iPhone.Deploy.0 = Release|x86
		{2E7C1AB3-3FEE-4888-A059-F270875358CF}.AppStore|iPhoneSimulator.ActiveCfg = Release|x86
		{2E7C1AB3-3FEE-4888-A059-F270875358CF}.AppStore|iPhoneSimulator.Build.0 = Release|x86
		{2E7C1AB3-3FEE-4888-A059-F270875358CF}.AppStore|iPhoneSimulator.Deploy.0 = Release|x86
		{2E7C1AB3-3FEE-4888-A059-F270875358CF}.AppStore|x64.ActiveCfg = Release|x64
		{2E7C1AB3-3FEE-4888-A059-F270875358CF}.AppStore|x64.Build.0 = Release|x64
		{2E7C1AB3-3FEE-4888-A059-F270875358CF}.AppStore|x64.Deploy.0 = Release|x64
		{2E7C1AB3-3FEE-4888-A059-F270875358CF}.AppStore|x86.ActiveCfg = Release|x86
		{2E7C1AB3-3FEE-4888-A059-F270875358CF}.AppStore|x86.Build.0 = Release|x86
		{2E7C1AB3-3FEE-4888-A059-F270875358CF}.AppStore|x86.Deploy.0 = Release|x86
		{2E7C1AB3-3FEE-4888-A059-F270875358CF}.Debug|Any CPU.ActiveCfg = Debug|x86
		{2E7C1AB3-3FEE-4888-A059-F270875358CF}.Debug|ARM.ActiveCfg = Debug|ARM
		{2E7C1AB3-3FEE-4888-A059-F270875358CF}.Debug|ARM.Build.0 = Debug|ARM
		{2E7C1AB3-3FEE-4888-A059-F270875358CF}.Debug|ARM.Deploy.0 = Debug|ARM
		{2E7C1AB3-3FEE-4888-A059-F270875358CF}.Debug|iPhone.ActiveCfg = Debug|x86
		{2E7C1AB3-3FEE-4888-A059-F270875358CF}.Debug|iPhoneSimulator.ActiveCfg = Debug|x86
		{2E7C1AB3-3FEE-4888-A059-F270875358CF}.Debug|x64.ActiveCfg = Debug|x64
		{2E7C1AB3-3FEE-4888-A059-F270875358CF}.Debug|x64.Build.0 = Debug|x64
		{2E7C1AB3-3FEE-4888-A059-F270875358CF}.Debug|x64.Deploy.0 = Debug|x64
		{2E7C1AB3-3FEE-4888-A059-F270875358CF}.Debug|x86.ActiveCfg = Debug|x86
		{2E7C1AB3-3FEE-4888-A059-F270875358CF}.Debug|x86.Build.0 = Debug|x86
		{2E7C1AB3-3FEE-4888-A059-F270875358CF}.Debug|x86.Deploy.0 = Debug|x86
		{2E7C1AB3-3FEE-4888-A059-F270875358CF}.Release|Any CPU.ActiveCfg = Release|x86
		{2E7C1AB3-3FEE-4888-A059-F270875358CF}.Release|ARM.ActiveCfg = Release|ARM
		{2E7C1AB3-3FEE-4888-A059-F270875358CF}.Release|ARM.Build.0 = Release|ARM
		{2E7C1AB3-3FEE-4888-A059-F270875358CF}.Release|ARM.Deploy.0 = Release|ARM
		{2E7C1AB3-3FEE-4888-A059-F270875358CF}.Release|iPhone.ActiveCfg = Release|x86
		{2E7C1AB3-3FEE-4888-A059-F270875358CF}.Release|iPhoneSimulator.ActiveCfg = Release|x86
		{2E7C1AB3-3FEE-4888-A059-F270875358CF}.Release|x64.ActiveCfg = Release|x64
		{2E7C1AB3-3FEE-4888-A059-F270875358CF}.Release|x64.Build.0 = Release|x64
		{2E7C1AB3-3FEE-4888-A059-F270875358CF}.Release|x64.Deploy.0 = Release|x64
		{2E7C1AB3-3FEE-4888-A059-F270875358CF}.Release|x86.ActiveCfg = Release|x86
		{2E7C1AB3-3FEE-4888-A059-F270875358CF}.Release|x86.Build.0 = Release|x86
		{2E7C1AB3-3FEE-4888-A059-F270875358CF}.Release|x86.Deploy.0 = Release|x86
		{F9937AAC-12A5-43E3-9CD1-25B8246516DC}.Ad-Hoc|Any CPU.ActiveCfg = Ad-Hoc|iPhone
		{F9937AAC-12A5-43E3-9CD1-25B8246516DC}.Ad-Hoc|ARM.ActiveCfg = Ad-Hoc|iPhone
		{F9937AAC-12A5-43E3-9CD1-25B8246516DC}.Ad-Hoc|iPhone.ActiveCfg = Ad-Hoc|iPhone
		{F9937AAC-12A5-43E3-9CD1-25B8246516DC}.Ad-Hoc|iPhone.Build.0 = Ad-Hoc|iPhone
		{F9937AAC-12A5-43E3-9CD1-25B8246516DC}.Ad-Hoc|iPhoneSimulator.ActiveCfg = Ad-Hoc|iPhoneSimulator
		{F9937AAC-12A5-43E3-9CD1-25B8246516DC}.Ad-Hoc|iPhoneSimulator.Build.0 = Ad-Hoc|iPhoneSimulator
		{F9937AAC-12A5-43E3-9CD1-25B8246516DC}.Ad-Hoc|x64.ActiveCfg = Ad-Hoc|iPhone
		{F9937AAC-12A5-43E3-9CD1-25B8246516DC}.Ad-Hoc|x86.ActiveCfg = Ad-Hoc|iPhone
		{F9937AAC-12A5-43E3-9CD1-25B8246516DC}.AppStore|Any CPU.ActiveCfg = AppStore|iPhone
		{F9937AAC-12A5-43E3-9CD1-25B8246516DC}.AppStore|ARM.ActiveCfg = AppStore|iPhone
		{F9937AAC-12A5-43E3-9CD1-25B8246516DC}.AppStore|iPhone.ActiveCfg = AppStore|iPhone
		{F9937AAC-12A5-43E3-9CD1-25B8246516DC}.AppStore|iPhone.Build.0 = AppStore|iPhone
		{F9937AAC-12A5-43E3-9CD1-25B8246516DC}.AppStore|iPhoneSimulator.ActiveCfg = AppStore|iPhoneSimulator
		{F9937AAC-12A5-43E3-9CD1-25B8246516DC}.AppStore|iPhoneSimulator.Build.0 = AppStore|iPhoneSimulator
		{F9937AAC-12A5-43E3-9CD1-25B8246516DC}.AppStore|x64.ActiveCfg = AppStore|iPhone
		{F9937AAC-12A5-43E3-9CD1-25B8246516DC}.AppStore|x86.ActiveCfg = AppStore|iPhone
		{F9937AAC-12A5-43E3-9CD1-25B8246516DC}.Debug|Any CPU.ActiveCfg = Debug|iPhone
		{F9937AAC-12A5-43E3-9CD1-25B8246516DC}.Debug|ARM.ActiveCfg = Debug|iPhone
		{F9937AAC-12A5-43E3-9CD1-25B8246516DC}.Debug|iPhone.ActiveCfg = Debug|iPhone
		{F9937AAC-12A5-43E3-9CD1-25B8246516DC}.Debug|iPhone.Build.0 = Debug|iPhone
		{F9937AAC-12A5-43E3-9CD1-25B8246516DC}.Debug|iPhoneSimulator.ActiveCfg = Debug|iPhoneSimulator
		{F9937AAC-12A5-43E3-9CD1-25B8246516DC}.Debug|iPhoneSimulator.Build.0 = Debug|iPhoneSimulator
		{F9937AAC-12A5-43E3-9CD1-25B8246516DC}.Debug|x64.ActiveCfg = Debug|iPhone
		{F9937AAC-12A5-43E3-9CD1-25B8246516DC}.Debug|x86.ActiveCfg = Debug|iPhone
		{F9937AAC-12A5-43E3-9CD1-25B8246516DC}.Release|Any CPU.ActiveCfg = Release|iPhone
		{F9937AAC-12A5-43E3-9CD1-25B8246516DC}.Release|ARM.ActiveCfg = Release|iPhone
		{F9937AAC-12A5-43E3-9CD1-25B8246516DC}.Release|iPhone.ActiveCfg = Release|iPhone
		{F9937AAC-12A5-43E3-9CD1-25B8246516DC}.Release|iPhone.Build.0 = Release|iPhone
		{F9937AAC-12A5-43E3-9CD1-25B8246516DC}.Release|iPhoneSimulator.ActiveCfg = Release|iPhoneSimulator
		{F9937AAC-12A5-43E3-9CD1-25B8246516DC}.Release|iPhoneSimulator.Build.0 = Release|iPhoneSimulator
		{F9937AAC-12A5-43E3-9CD1-25B8246516DC}.Release|x64.ActiveCfg = Release|iPhone
		{F9937AAC-12A5-43E3-9CD1-25B8246516DC}.Release|x86.ActiveCfg = Release|iPhone
	EndGlobalSection
	GlobalSection(SolutionProperties) = preSolution
		HideSolutionNode = FALSE
	EndGlobalSection
	GlobalSection(TeamFoundationVersionControl) = preSolution
		SccNumberOfProjects = 5
		SccEnterpriseProvider = {4CA58AB2-18FA-4F8D-95D4-32DDF27D184C}
		SccTeamFoundationServer = https://techmxamarinpoc.visualstudio.com/
		SccLocalPath0 = .
		SccProjectUniqueName1 = IESRevenue\\IESRevenue.Android\\IESRevenue.Android.csproj
		SccProjectName1 = IESRevenue/IESRevenue.Android
		SccLocalPath1 = IESRevenue\\IESRevenue.Android
		SccProjectUniqueName2 = IESRevenue\\IESRevenue.iOS\\IESRevenue.iOS.csproj
		SccProjectName2 = IESRevenue/IESRevenue.iOS
		SccLocalPath2 = IESRevenue\\IESRevenue.iOS
		SccProjectUniqueName3 = IESRevenue\\IESRevenue.UWP\\IESRevenue.UWP.csproj
		SccProjectName3 = IESRevenue/IESRevenue.UWP
		SccLocalPath3 = IESRevenue\\IESRevenue.UWP
		SccProjectUniqueName4 = IESRevenue\\IESRevenue\\IESRevenue.csproj
		SccProjectName4 = IESRevenue/IESRevenue
		SccLocalPath4 = IESRevenue\\IESRevenue
	EndGlobalSection
EndGlobal
